
Microsoft Visual Studio Solution File, Format Version 12.00
Project("{FAE04EC0-301F-11D3-BF4B-00C04F79EFBC}") = "Domain", "Domain\Domain.csproj", "{7D4C1D0F-6BB2-41BB-A512-D58789E13A37}"
EndProject
Project("{FAE04EC0-301F-11D3-BF4B-00C04F79EFBC}") = "Infrastructure", "Infrastructure\Infrastructure.csproj", "{2970049E-EB67-48EB-9D78-5EDC044BC1BC}"
EndProject
Global
	GlobalSection(SolutionConfigurationPlatforms) = preSolution
		Debug|Any CPU = Debug|Any CPU
		Release|Any CPU = Release|Any CPU
	EndGlobalSection
	GlobalSection(ProjectConfigurationPlatforms) = postSolution
		{7D4C1D0F-6BB2-41BB-A512-D58789E13A37}.Debug|Any CPU.ActiveCfg = Debug|Any CPU
		{7D4C1D0F-6BB2-41BB-A512-D58789E13A37}.Debug|Any CPU.Build.0 = Debug|Any CPU
		{7D4C1D0F-6BB2-41BB-A512-D58789E13A37}.Release|Any CPU.ActiveCfg = Release|Any CPU
		{7D4C1D0F-6BB2-41BB-A512-D58789E13A37}.Release|Any CPU.Build.0 = Release|Any CPU
		{2970049E-EB67-48EB-9D78-5EDC044BC1BC}.Debug|Any CPU.ActiveCfg = Debug|Any CPU
		{2970049E-EB67-48EB-9D78-5EDC044BC1BC}.Debug|Any CPU.Build.0 = Debug|Any CPU
		{2970049E-EB67-48EB-9D78-5EDC044BC1BC}.Release|Any CPU.ActiveCfg = Release|Any CPU
		{2970049E-EB67-48EB-9D78-5EDC044BC1BC}.Release|Any CPU.Build.0 = Release|Any CPU
	EndGlobalSection
EndGlobal
